
Microsoft Visual Studio Solution File, Format Version 12.00
# Visual Studio Version 17
VisualStudioVersion = 17.0.31903.59
MinimumVisualStudioVersion = 10.0.40219.1
Project("{FAE04EC0-301F-11D3-BF4B-00C04F79EFBC}") = "SoftCotton", "SoftCotton\SoftCotton.csproj", "{5647AFD4-9C9A-434B-88C9-6D59AED1C46A}"
EndProject
Global
	GlobalSection(SolutionConfigurationPlatforms) = preSolution
		Debug|Any CPU = Debug|Any CPU
		Release|Any CPU = Release|Any CPU
	EndGlobalSection
	GlobalSection(ProjectConfigurationPlatforms) = postSolution
		{5647AFD4-9C9A-434B-88C9-6D59AED1C46A}.Debug|Any CPU.ActiveCfg = Debug|Any CPU
		{5647AFD4-9C9A-434B-88C9-6D59AED1C46A}.Debug|Any CPU.Build.0 = Debug|Any CPU
		{5647AFD4-9C9A-434B-88C9-6D59AED1C46A}.Release|Any CPU.ActiveCfg = Release|Any CPU
		{5647AFD4-9C9A-434B-88C9-6D59AED1C46A}.Release|Any CPU.Build.0 = Release|Any CPU
	EndGlobalSection
	GlobalSection(SolutionProperties) = preSolution
		HideSolutionNode = FALSE
	EndGlobalSection
	GlobalSection(ExtensibilityGlobals) = postSolution
		SolutionGuid = {025F49E7-3DE2-4BAB-A3D5-72DB4951674F}
	EndGlobalSection
EndGlobal
